lockfileVersion: 5.4

importers:

  packages/plugin-strategy:
    specifiers:
      '@happy-trading/core': workspace:^0.0.1-beta.0
      '@happy-trading/plugin-notification': workspace:^0.0.1-beta.0
      '@happy-trading/plugin-storage': workspace:^0.0.1-beta.0
      '@happy-trading/utils': workspace:^0.0.1-beta.0
      dayjs: ^1.11.9
      ta-math: ^1.0.49
    dependencies:
      '@happy-trading/core': link:../core
      '@happy-trading/utils': link:../utils
      dayjs: 1.11.9
      ta-math: 1.0.49
    devDependencies:
      '@happy-trading/plugin-notification': link:../plugin-notification
      '@happy-trading/plugin-storage': link:../plugin-storage

packages:

  /dayjs/1.11.9:
    resolution: {integrity: sha512-QvzAURSbQ0pKdIye2txOzNaHmxtUBXerpY0FJsFXUMKbIZeFm5ht1LS/jFsrncjnmtv8HsG0W2g6c0zUjZWmpA==}
    dev: false

  /ta-math/1.0.49:
    resolution: {integrity: sha512-yLxeHDjBdjZsPo9HdjTx1OGLzBqle8UnvAtauc5azXPleiJqvSjDMPegu+xv6EtXnxI04Gv1ewA0fXHG5vspQg==}
    dev: false
